{
    "_readme": [
        "This file locks the dependencies of your project to a known state",
        "Read more about it at http://getcomposer.org/doc/01-basic-usage.md#composer-lock-the-lock-file",
        "This file is @generated automatically"
    ],
    "hash": "cf3e5f3c0572a8329d26f9b287e2d074",
    "packages": [
        {
            "name": "aura/installer-default",
            "version": "1.0.0",
            "source": {
                "type": "git",
                "url": "https://github.com/auraphp/installer-default.git",
                "reference": "52f8de3670cc1ef45a916f40f732937436d028c8"
            },
            "dist": {
                "type": "zip",
                "url": "https://api.github.com/repos/auraphp/installer-default/zipball/52f8de3670cc1ef45a916f40f732937436d028c8",
                "reference": "52f8de3670cc1ef45a916f40f732937436d028c8",
                "shasum": ""
            },
            "type": "composer-installer",
            "extra": {
                "class": "Aura\\Composer\\DefaultInstaller"
            },
            "autoload": {
                "psr-0": {
                    "Aura\\Composer\\": "src/"
                }
            },
            "notification-url": "https://packagist.org/downloads/",
            "license": [
                "BSD-2-Clause"
            ],
            "authors": [
                {
                    "name": "Paul M. Jones",
                    "email": "pmjones88@gmail.com",
                    "homepage": "http://paul-m-jones.com"
                }
            ],
            "description": "Installs Aura packages using the Composer defaults.",
            "keywords": [
                "aura",
                "installer"
            ],
            "time": "2012-11-26 21:35:57"
        },
        {
            "name": "aura/session",
            "version": "dev-master",
            "source": {
                "type": "git",
                "url": "https://github.com/auraphp/Aura.Session.git",
                "reference": "8f817ec812eb21d083d76167b7ec4d80a6fca6b0"
            },
            "dist": {
                "type": "zip",
                "url": "https://api.github.com/repos/auraphp/Aura.Session/zipball/8f817ec812eb21d083d76167b7ec4d80a6fca6b0",
                "reference": "8f817ec812eb21d083d76167b7ec4d80a6fca6b0",
                "shasum": ""
            },
            "require": {
                "aura/installer-default": "1.0.*",
                "php": ">=5.4.0"
            },
            "type": "aura-package",
            "autoload": {
                "psr-0": {
                    "Aura\\Session": "src/"
                }
            },
            "notification-url": "https://packagist.org/downloads/",
            "license": [
                "BSD-2-Clause"
            ],
            "authors": [
                {
                    "name": "Paul M. Jones",
                    "email": "pmjones88@gmail.com",
                    "homepage": "http://paul-m-jones.com"
                },
                {
                    "name": "Hari KT",
                    "email": "kthari85@gmail.com",
                    "homepage": "http://harikt.com"
                },
                {
                    "name": "Akihito Koriyama",
                    "email": "akihito.koriyama@gmail.com",
                    "homepage": "http://www.kumasystem.com",
                    "role": "Lead"
                },
                {
                    "name": "Aura.Session Contributors",
                    "homepage": "https://github.com/auraphp/Aura.Session/contributors"
                }
            ],
            "description": "The Aura Session provides session management functionality, including session\nsegments, read-once (\"flash\") values, CSRF tools, and lazy session starting.",
            "homepage": "http://auraphp.com/Aura.Session",
            "keywords": [
                "session",
                "sessions"
            ],
            "time": "2014-05-31 00:00:00"
        },
        {
            "name": "intervention/image",
            "version": "dev-master",
            "source": {
                "type": "git",
                "url": "https://github.com/Intervention/image.git",
                "reference": "e626de028b4734da1e461c8cd2d4d5fc195f1478"
            },
            "dist": {
                "type": "zip",
                "url": "https://api.github.com/repos/Intervention/image/zipball/e626de028b4734da1e461c8cd2d4d5fc195f1478",
                "reference": "e626de028b4734da1e461c8cd2d4d5fc195f1478",
                "shasum": ""
            },
            "require": {
                "ext-fileinfo": "*",
                "php": ">=5.3.0"
            },
            "require-dev": {
                "mockery/mockery": "~0.9.2",
                "phpunit/phpunit": "3.*"
            },
            "suggest": {
                "ext-gd": "to use GD library based image processing.",
                "ext-imagick": "to use Imagick based image processing.",
                "intervention/imagecache": "Caching extension for the Intervention Image library"
            },
            "type": "library",
            "autoload": {
                "psr-4": {
                    "Intervention\\Image\\": "src/Intervention/Image"
                }
            },
            "notification-url": "https://packagist.org/downloads/",
            "license": [
                "MIT"
            ],
            "authors": [
                {
                    "name": "Oliver Vogel",
                    "email": "oliver@olivervogel.net",
                    "homepage": "http://olivervogel.net/"
                }
            ],
            "description": "Image handling and manipulation library with support for Laravel integration",
            "homepage": "http://image.intervention.io/",
            "keywords": [
                "gd",
                "image",
                "imagick",
                "laravel",
                "thumbnail",
                "watermark"
            ],
            "time": "2014-10-23 18:51:15"
        },
        {
            "name": "joseph-lenton/php-error",
            "version": "dev-master",
            "source": {
                "type": "git",
                "url": "https://github.com/JosephLenton/PHP-Error.git",
                "reference": "9918dd5eeec527846d43c92a4c9880bfcdd0de14"
            },
            "dist": {
                "type": "zip",
                "url": "https://api.github.com/repos/JosephLenton/PHP-Error/zipball/9918dd5eeec527846d43c92a4c9880bfcdd0de14",
                "reference": "9918dd5eeec527846d43c92a4c9880bfcdd0de14",
                "shasum": ""
            },
            "require": {
                "php": ">=5.3.0"
            },
            "type": "library",
            "autoload": {
                "files": [
                    "src/php_error.php"
                ]
            },
            "notification-url": "https://packagist.org/downloads/",
            "license": [
                "BSD-3-Clause"
            ],
            "authors": [
                {
                    "name": "Joseph Lenton",
                    "homepage": "http://www.playmycode.com",
                    "role": "Developer"
                }
            ],
            "description": "Better error reporting for PHP, and prettier too!",
            "homepage": "https://github.com/JosephLenton/PHP-Error",
            "keywords": [
                "error",
                "php",
                "reporting"
            ],
            "time": "2013-08-05 19:13:00"
        },
        {
            "name": "nikic/fast-route",
            "version": "v0.2.0",
            "source": {
                "type": "git",
                "url": "https://github.com/nikic/FastRoute.git",
                "reference": "7dc9a43cb856debc22fe158a1144018e16f7a637"
            },
            "dist": {
                "type": "zip",
                "url": "https://api.github.com/repos/nikic/FastRoute/zipball/7dc9a43cb856debc22fe158a1144018e16f7a637",
                "reference": "7dc9a43cb856debc22fe158a1144018e16f7a637",
                "shasum": ""
            },
            "require": {
                "php": ">=5.4.0"
            },
            "type": "library",
            "autoload": {
                "psr-4": {
                    "FastRoute\\": "src/"
                },
                "files": [
                    "src/functions.php"
                ]
            },
            "notification-url": "https://packagist.org/downloads/",
            "license": [
                "BSD-3-Clause"
            ],
            "authors": [
                {
                    "name": "Nikita Popov",
                    "email": "nikic@php.net"
                }
            ],
            "description": "Fast request router for PHP",
            "keywords": [
                "router",
                "routing"
            ],
            "time": "2014-05-17 11:33:04"
        },
        {
            "name": "orno/di",
            "version": "v2.2.0",
            "source": {
                "type": "git",
                "url": "https://github.com/orno/di.git",
                "reference": "77e432ef527a83dc5d8cebd7293305f50e1a1f19"
            },
            "dist": {
                "type": "zip",
                "url": "https://api.github.com/repos/orno/di/zipball/77e432ef527a83dc5d8cebd7293305f50e1a1f19",
                "reference": "77e432ef527a83dc5d8cebd7293305f50e1a1f19",
                "shasum": ""
            },
            "require": {
                "php": ">=5.4"
            },
            "require-dev": {
                "phpunit/phpunit": "~4.0"
            },
            "suggest": {
                "orno/cache": "Enables caching of reflection based resolution",
                "orno/config": "Allows useage of config files rather than interacting with the container directly"
            },
            "type": "library",
            "autoload": {
                "psr-4": {
                    "Orno\\Di\\": "src/",
                    "OrnoTest\\Assets\\": "tests/assets"
                }
            },
            "notification-url": "https://packagist.org/downloads/",
            "license": [
                "MIT"
            ],
            "authors": [
                {
                    "name": "Phil Bennett",
                    "email": "philipobenito@gmail.com"
                }
            ],
            "description": "Orno Di is a small but powerful dependency injection container with automatic resolution of dependencies.",
            "keywords": [
                "container",
                "dependency",
                "di",
                "injection",
                "orno"
            ],
            "time": "2014-10-29 10:50:38"
        },
        {
            "name": "orno/http",
            "version": "v1.0.0",
            "source": {
                "type": "git",
                "url": "https://github.com/orno/http.git",
                "reference": "65d37f6f92f3357c234a592fdd57b2f54c2ef514"
            },
            "dist": {
                "type": "zip",
                "url": "https://api.github.com/repos/orno/http/zipball/65d37f6f92f3357c234a592fdd57b2f54c2ef514",
                "reference": "65d37f6f92f3357c234a592fdd57b2f54c2ef514",
                "shasum": ""
            },
            "require": {
                "php": ">=5.4",
                "symfony/http-foundation": "2.*"
            },
            "type": "library",
            "autoload": {
                "psr-4": {
                    "Orno\\Http\\": "src/"
                }
            },
            "notification-url": "https://packagist.org/downloads/",
            "license": [
                "MIT"
            ],
            "authors": [
                {
                    "name": "Phil Bennett",
                    "email": "philipobenito@gmail.com"
                }
            ],
            "description": "A wrapper for Symfony\\HttpFoundation with some encapsulation and convenience methods.",
            "homepage": "http://github.com/orno/http",
            "keywords": [
                "http",
                "orno",
                "request",
                "response"
            ],
            "time": "2014-03-05 10:22:10"
        },
        {
            "name": "orno/route",
            "version": "dev-master",
            "source": {
                "type": "git",
                "url": "https://github.com/orno/route.git",
                "reference": "7ff5fb086f5ce8f5e4200d9ab1378f18af92c59a"
            },
            "dist": {
                "type": "zip",
                "url": "https://api.github.com/repos/orno/route/zipball/7ff5fb086f5ce8f5e4200d9ab1378f18af92c59a",
                "reference": "7ff5fb086f5ce8f5e4200d9ab1378f18af92c59a",
                "shasum": ""
            },
            "require": {
                "nikic/fast-route": "~0.2",
                "orno/di": "~2.1",
                "orno/http": "~1.0",
                "php": ">=5.4"
            },
            "require-dev": {
                "phpunit/phpunit": "~4.0"
            },
            "type": "library",
            "autoload": {
                "psr-4": {
                    "Orno\\Route\\": "src/"
                }
            },
            "notification-url": "https://packagist.org/downloads/",
            "license": [
                "MIT"
            ],
            "authors": [
                {
                    "name": "Phil Bennett",
                    "email": "philipobenito@gmail.com"
                }
            ],
            "description": "Fast routing package combining Nikita Popov's FastRoute and Orno\\Di to provide route dispatching to dependency injected controllers.",
            "keywords": [
                "FastRoute",
                "di",
                "dispatcher",
                "orno",
                "route"
            ],
            "time": "2014-10-23 14:06:43"
        },
        {
            "name": "symfony/http-foundation",
            "version": "v2.5.6",
            "target-dir": "Symfony/Component/HttpFoundation",
            "source": {
                "type": "git",
                "url": "https://github.com/symfony/HttpFoundation.git",
                "reference": "56111fc8ba8bcad93d367532babecc6ce17f66ce"
            },
            "dist": {
                "type": "zip",
                "url": "https://api.github.com/repos/symfony/HttpFoundation/zipball/56111fc8ba8bcad93d367532babecc6ce17f66ce",
                "reference": "56111fc8ba8bcad93d367532babecc6ce17f66ce",
                "shasum": ""
            },
            "require": {
                "php": ">=5.3.3"
            },
            "require-dev": {
                "symfony/expression-language": "~2.4"
            },
            "type": "library",
            "extra": {
                "branch-alias": {
                    "dev-master": "2.5-dev"
                }
            },
            "autoload": {
                "psr-0": {
                    "Symfony\\Component\\HttpFoundation\\": ""
                },
                "classmap": [
                    "Symfony/Component/HttpFoundation/Resources/stubs"
                ]
            },
            "notification-url": "https://packagist.org/downloads/",
            "license": [
                "MIT"
            ],
            "authors": [
                {
                    "name": "Symfony Community",
                    "homepage": "http://symfony.com/contributors"
                },
                {
                    "name": "Fabien Potencier",
                    "email": "fabien@symfony.com"
                }
            ],
            "description": "Symfony HttpFoundation Component",
            "homepage": "http://symfony.com",
            "time": "2014-10-24 05:49:22"
        },
        {
            "name": "symfony/routing",
            "version": "dev-master",
            "target-dir": "Symfony/Component/Routing",
            "source": {
                "type": "git",
                "url": "https://github.com/symfony/Routing.git",
                "reference": "3909bb01ed95fb2d4173646a3b3205ca0f07e0bf"
            },
            "dist": {
                "type": "zip",
                "url": "https://api.github.com/repos/symfony/Routing/zipball/3909bb01ed95fb2d4173646a3b3205ca0f07e0bf",
                "reference": "3909bb01ed95fb2d4173646a3b3205ca0f07e0bf",
                "shasum": ""
            },
            "require": {
                "php": ">=5.3.3"
            },
            "require-dev": {
                "doctrine/annotations": "~1.0",
                "psr/log": "~1.0",
                "symfony/config": "~2.2",
                "symfony/expression-language": "~2.4",
                "symfony/http-foundation": "~2.3",
                "symfony/yaml": "~2.0"
            },
            "suggest": {
                "doctrine/annotations": "For using the annotation loader",
                "symfony/config": "For using the all-in-one router or any loader",
                "symfony/expression-language": "For using expression matching",
                "symfony/yaml": "For using the YAML loader"
            },
            "type": "library",
            "extra": {
                "branch-alias": {
                    "dev-master": "2.6-dev"
                }
            },
            "autoload": {
                "psr-0": {
                    "Symfony\\Component\\Routing\\": ""
                }
            },
            "notification-url": "https://packagist.org/downloads/",
            "license": [
                "MIT"
            ],
            "authors": [
                {
                    "name": "Symfony Community",
                    "homepage": "http://symfony.com/contributors"
                },
                {
                    "name": "Fabien Potencier",
                    "email": "fabien@symfony.com"
                }
            ],
            "description": "Symfony Routing Component",
            "homepage": "http://symfony.com",
            "keywords": [
                "router",
                "routing",
                "uri",
                "url"
            ],
            "time": "2014-11-03 13:44:52"
        }
    ],
    "packages-dev": [],
    "aliases": [],
    "minimum-stability": "stable",
    "stability-flags": {
        "aura/session": 20,
        "intervention/image": 20,
        "joseph-lenton/php-error": 20,
        "symfony/routing": 20,
        "orno/route": 20
    },
    "prefer-stable": false,
    "platform": [],
    "platform-dev": []
}
