{
    "_readme": [
        "This file locks the dependencies of your project to a known state",
        "Read more about it at http://getcomposer.org/doc/01-basic-usage.md#composer-lock-the-lock-file",
        "This file is @generated automatically"
    ],
    "hash": "f5e4d87041301f78f0f815309b2fcc4f",
    "packages": [
        {
            "name": "intervention/image",
            "version": "dev-master",
            "source": {
                "type": "git",
                "url": "https://github.com/Intervention/image.git",
                "reference": "6554d8165e048972b470a7d56ab5f4d6fd6c6367"
            },
            "dist": {
                "type": "zip",
                "url": "https://api.github.com/repos/Intervention/image/zipball/6554d8165e048972b470a7d56ab5f4d6fd6c6367",
                "reference": "6554d8165e048972b470a7d56ab5f4d6fd6c6367",
                "shasum": ""
            },
            "require": {
                "ext-fileinfo": "*",
                "php": ">=5.3.0"
            },
            "require-dev": {
                "mockery/mockery": "~0.9.2",
                "phpunit/phpunit": "3.*"
            },
            "suggest": {
                "ext-gd": "to use GD library based image processing.",
                "ext-imagick": "to use Imagick based image processing.",
                "intervention/imagecache": "Caching extension for the Intervention Image library"
            },
            "type": "library",
            "autoload": {
                "psr-4": {
                    "Intervention\\Image\\": "src/Intervention/Image"
                }
            },
            "notification-url": "https://packagist.org/downloads/",
            "license": [
                "MIT"
            ],
            "authors": [
                {
                    "name": "Oliver Vogel",
                    "email": "oliver@olivervogel.net",
                    "homepage": "http://olivervogel.net/"
                }
            ],
            "description": "Image handling and manipulation library with support for Laravel integration",
            "homepage": "http://image.intervention.io/",
            "keywords": [
                "gd",
                "image",
                "imagick",
                "laravel",
                "thumbnail",
                "watermark"
            ],
            "time": "2015-01-20 17:10:23"
        },
        {
            "name": "joseph-lenton/php-error",
            "version": "dev-master",
            "source": {
                "type": "git",
                "url": "https://github.com/JosephLenton/PHP-Error.git",
                "reference": "9918dd5eeec527846d43c92a4c9880bfcdd0de14"
            },
            "dist": {
                "type": "zip",
                "url": "https://api.github.com/repos/JosephLenton/PHP-Error/zipball/9918dd5eeec527846d43c92a4c9880bfcdd0de14",
                "reference": "9918dd5eeec527846d43c92a4c9880bfcdd0de14",
                "shasum": ""
            },
            "require": {
                "php": ">=5.3.0"
            },
            "type": "library",
            "autoload": {
                "files": [
                    "src/php_error.php"
                ]
            },
            "notification-url": "https://packagist.org/downloads/",
            "license": [
                "BSD-3-Clause"
            ],
            "authors": [
                {
                    "name": "Joseph Lenton",
                    "homepage": "http://www.playmycode.com",
                    "role": "Developer"
                }
            ],
            "description": "Better error reporting for PHP, and prettier too!",
            "homepage": "https://github.com/JosephLenton/PHP-Error",
            "keywords": [
                "error",
                "php",
                "reporting"
            ],
            "time": "2013-08-05 19:13:00"
        },
        {
            "name": "mustache/mustache",
            "version": "dev-master",
            "source": {
                "type": "git",
                "url": "https://github.com/bobthecow/mustache.php.git",
                "reference": "fdf41dd673dc99b41d60992470dbae94ae0b6ba1"
            },
            "dist": {
                "type": "zip",
                "url": "https://api.github.com/repos/bobthecow/mustache.php/zipball/fdf41dd673dc99b41d60992470dbae94ae0b6ba1",
                "reference": "fdf41dd673dc99b41d60992470dbae94ae0b6ba1",
                "shasum": ""
            },
            "require": {
                "php": ">=5.2.4"
            },
            "require-dev": {
                "phpunit/phpunit": "*"
            },
            "type": "library",
            "autoload": {
                "psr-0": {
                    "Mustache": "src/"
                }
            },
            "notification-url": "https://packagist.org/downloads/",
            "license": [
                "MIT"
            ],
            "authors": [
                {
                    "name": "Justin Hileman",
                    "email": "justin@justinhileman.info",
                    "homepage": "http://justinhileman.com"
                }
            ],
            "description": "A Mustache implementation in PHP.",
            "homepage": "https://github.com/bobthecow/mustache.php",
            "keywords": [
                "mustache",
                "templating"
            ],
            "time": "2014-08-26 19:50:10"
        },
        {
            "name": "swiftmailer/swiftmailer",
            "version": "dev-master",
            "source": {
                "type": "git",
                "url": "https://github.com/swiftmailer/swiftmailer.git",
                "reference": "db95cfa68a8bc91d1c54f75c416f481c9a8bd100"
            },
            "dist": {
                "type": "zip",
                "url": "https://api.github.com/repos/swiftmailer/swiftmailer/zipball/db95cfa68a8bc91d1c54f75c416f481c9a8bd100",
                "reference": "db95cfa68a8bc91d1c54f75c416f481c9a8bd100",
                "shasum": ""
            },
            "require": {
                "php": ">=5.3.3"
            },
            "require-dev": {
                "mockery/mockery": "~0.9.1"
            },
            "type": "library",
            "extra": {
                "branch-alias": {
                    "dev-master": "5.3-dev"
                }
            },
            "autoload": {
                "files": [
                    "lib/swift_required.php"
                ]
            },
            "notification-url": "https://packagist.org/downloads/",
            "license": [
                "MIT"
            ],
            "authors": [
                {
                    "name": "Chris Corbyn"
                },
                {
                    "name": "Fabien Potencier",
                    "email": "fabien@symfony.com"
                }
            ],
            "description": "Swiftmailer, free feature-rich PHP mailer",
            "homepage": "http://swiftmailer.org",
            "keywords": [
                "mail",
                "mailer"
            ],
            "time": "2015-01-18 13:49:36"
        },
        {
            "name": "symfony/http-foundation",
            "version": "v2.5.6",
            "target-dir": "Symfony/Component/HttpFoundation",
            "source": {
                "type": "git",
                "url": "https://github.com/symfony/HttpFoundation.git",
                "reference": "56111fc8ba8bcad93d367532babecc6ce17f66ce"
            },
            "dist": {
                "type": "zip",
                "url": "https://api.github.com/repos/symfony/HttpFoundation/zipball/56111fc8ba8bcad93d367532babecc6ce17f66ce",
                "reference": "56111fc8ba8bcad93d367532babecc6ce17f66ce",
                "shasum": ""
            },
            "require": {
                "php": ">=5.3.3"
            },
            "require-dev": {
                "symfony/expression-language": "~2.4"
            },
            "type": "library",
            "extra": {
                "branch-alias": {
                    "dev-master": "2.5-dev"
                }
            },
            "autoload": {
                "psr-0": {
                    "Symfony\\Component\\HttpFoundation\\": ""
                },
                "classmap": [
                    "Symfony/Component/HttpFoundation/Resources/stubs"
                ]
            },
            "notification-url": "https://packagist.org/downloads/",
            "license": [
                "MIT"
            ],
            "authors": [
                {
                    "name": "Symfony Community",
                    "homepage": "http://symfony.com/contributors"
                },
                {
                    "name": "Fabien Potencier",
                    "email": "fabien@symfony.com"
                }
            ],
            "description": "Symfony HttpFoundation Component",
            "homepage": "http://symfony.com",
            "time": "2014-10-24 05:49:22"
        },
        {
            "name": "symfony/routing",
            "version": "2.6.x-dev",
            "target-dir": "Symfony/Component/Routing",
            "source": {
                "type": "git",
                "url": "https://github.com/symfony/Routing.git",
                "reference": "bda1c3c67f2a33bbeabb1d321feaf626a0ca5698"
            },
            "dist": {
                "type": "zip",
                "url": "https://api.github.com/repos/symfony/Routing/zipball/bda1c3c67f2a33bbeabb1d321feaf626a0ca5698",
                "reference": "bda1c3c67f2a33bbeabb1d321feaf626a0ca5698",
                "shasum": ""
            },
            "require": {
                "php": ">=5.3.3"
            },
            "require-dev": {
                "doctrine/annotations": "~1.0",
                "doctrine/common": "~2.2",
                "psr/log": "~1.0",
                "symfony/config": "~2.2",
                "symfony/expression-language": "~2.4",
                "symfony/http-foundation": "~2.3",
                "symfony/yaml": "~2.0,>=2.0.5"
            },
            "suggest": {
                "doctrine/annotations": "For using the annotation loader",
                "symfony/config": "For using the all-in-one router or any loader",
                "symfony/expression-language": "For using expression matching",
                "symfony/yaml": "For using the YAML loader"
            },
            "type": "library",
            "extra": {
                "branch-alias": {
                    "dev-master": "2.6-dev"
                }
            },
            "autoload": {
                "psr-0": {
                    "Symfony\\Component\\Routing\\": ""
                }
            },
            "notification-url": "https://packagist.org/downloads/",
            "license": [
                "MIT"
            ],
            "authors": [
                {
                    "name": "Symfony Community",
                    "homepage": "http://symfony.com/contributors"
                },
                {
                    "name": "Fabien Potencier",
                    "email": "fabien@symfony.com"
                }
            ],
            "description": "Symfony Routing Component",
            "homepage": "http://symfony.com",
            "keywords": [
                "router",
                "routing",
                "uri",
                "url"
            ],
            "time": "2015-01-15 12:15:12"
        }
    ],
    "packages-dev": [],
    "aliases": [],
    "minimum-stability": "stable",
    "stability-flags": {
        "intervention/image": 20,
        "symfony/routing": 20,
        "mustache/mustache": 20,
        "joseph-lenton/php-error": 20,
        "swiftmailer/swiftmailer": 20
    },
    "prefer-stable": false,
    "prefer-lowest": false,
    "platform": [],
    "platform-dev": []
}
